Microsoft Visual Studio Solution File, Format Version 12.00
# Visual Studio Version 17
VisualStudioVersion = 17.0.0.0
MinimumVisualStudioVersion = 10.0.40219.1
Project("{F85E285D-4B47-4D3D-8C1D-1B9A4A2D4C1D}") = "TSQR.Gateway.WebApi", "TSQR.Gateway.WebApi\TSQR.Gateway.WebApi.csproj", "{A1B2C3D4-E5F6-7A8B-9C0D-E1F2G3H4I5J6}"
EndProject
Project("{F85E285D-4B47-4D3D-8C1D-1B9A4A2D4C1D}") = "TSQR.Gateway.Application", "TSQR.Gateway.Application\TSQR.Gateway.Application.csproj", "{A1B2C3D4-E5F6-7A8B-9C0D-E1F2G3H4I5J7}"
EndProject
Project("{F85E285D-4B47-4D3D-8C1D-1B9A4A2D4C1D}") = "TSQR.Gateway.Domain", "TSQR.Gateway.Domain\TSQR.Gateway.Domain.csproj", "{A1B2C3D4-E5F6-7A8B-9C0D-E1F2G3H4I5J8}"
EndProject
Project("{F85E285D-4B47-4D3D-8C1D-1B9A4A2D4C1D}") = "TSQR.Gateway.Infrastructure", "TSQR.Gateway.Infrastructure\TSQR.Gateway.Infrastructure.csproj", "{A1B2C3D4-E5F6-7A8B-9C0D-E1F2G3H4I5J9}"
EndProject
Project("{F85E285D-4B47-4D3D-8C1D-1B9A4A2D4C1D}") = "TSQR.Gateway.Tests", "TSQR.Gateway.Tests\TSQR.Gateway.Tests.csproj", "{A1B2C3D4-E5F6-7A8B-9C0D-E1F2G3H4I5J10}"
EndProject
Global
    GlobalSection(SolutionConfigurationPlatforms) = preSolution
        Debug|Any CPU = Debug|Any CPU
        Release|Any CPU = Release|Any CPU
    EndGlobalSection
    GlobalSection(ProjectConfigurationPlatforms) = postSolution
        {A1B2C3D4-E5F6-7A8B-9C0D-E1F2G3H4I5J6}.Debug|Any CPU.ActiveCfg = Debug|Any CPU
        {A1B2C3D4-E5F6-7A8B-9C0D-E1F2G3H4I5J6}.Debug|Any CPU.Build.0 = Debug|Any CPU
        {A1B2C3D4-E5F6-7A8B-9C0D-E1F2G3H4I5J6}.Release|Any CPU.ActiveCfg = Release|Any CPU
        {A1B2C3D4-E5F6-7A8B-9C0D-E1F2G3H4I5J6}.Release|Any CPU.Build.0 = Release|Any CPU
        {A1B2C3D4-E5F6-7A8B-9C0D-E1F2G3H4I5J7}.Debug|Any CPU.ActiveCfg = Debug|Any CPU
        {A1B2C3D4-E5F6-7A8B-9C0D-E1F2G3H4I5J7}.Debug|Any CPU.Build.0 = Debug|Any CPU
        {A1B2C3D4-E5F6-7A8B-9C0D-E1F2G3H4I5J7}.Release|Any CPU.ActiveCfg = Release|Any CPU
        {A1B2C3D4-E5F6-7A8B-9C0D-E1F2G3H4I5J7}.Release|Any CPU.Build.0 = Release|Any CPU
        {A1B2C3D4-E5F6-7A8B-9C0D-E1F2G3H4I5J8}.Debug|Any CPU.ActiveCfg = Debug|Any CPU
        {A1B2C3D4-E5F6-7A8B-9C0D-E1F2G3H4I5J8}.Debug|Any CPU.Build.0 = Debug|Any CPU
        {A1B2C3D4-E5F6-7A8B-9C0D-E1F2G3H4I5J8}.Release|Any CPU.ActiveCfg = Release|Any CPU
        {A1B2C3D4-E5F6-7A8B-9C0D-E1F2G3H4I5J8}.Release|Any CPU.Build.0 = Release|Any CPU
        {A1B2C3D4-E5F6-7A8B-9C0D-E1F2G3H4I5J9}.Debug|Any CPU.ActiveCfg = Debug|Any CPU
        {A1B2C3D4-E5F6-7A8B-9C0D-E1F2G3H4I5J9}.Debug|Any CPU.Build.0 = Debug|Any CPU
        {A1B2C3D4-E5F6-7A8B-9C0D-E1F2G3H4I5J9}.Release|Any CPU.ActiveCfg = Release|Any CPU
        {A1B2C3D4-E5F6-7A8B-9C0D-E1F2G3H4I5J9}.Release|Any CPU.Build.0 = Release|Any CPU
        {A1B2C3D4-E5F6-7A8B-9C0D-E1F2G3H4I5J10}.Debug|Any CPU.ActiveCfg = Debug|Any CPU
        {A1B2C3D4-E5F6-7A8B-9C0D-E1F2G3H4I5J10}.Debug|Any CPU.Build.0 = Debug|Any CPU
        {A1B2C3D4-E5F6-7A8B-9C0D-E1F2G3H4I5J10}.Release|Any CPU.ActiveCfg = Release|Any CPU
        {A1B2C3D4-E5F6-7A8B-9C0D-E1F2G3H4I5J10}.Release|Any CPU.Build.0 = Release|Any CPU
    EndGlobalSection
EndGlobal